
Microsoft Visual Studio Solution File, Format Version 12.00
# Visual Studio Version 17
VisualStudioVersion = 17.0.31903.59
MinimumVisualStudioVersion = 10.0.40219.1
Project("{2150E333-8FDC-42A3-9474-1A3956D46DE8}") = "Kernel", "Kernel", "{D51830D0-7538-987A-ECFA-BA858DA8EF99}"
EndProject
Project("{FAE04EC0-301F-11D3-BF4B-00C04F79EFBC}") = "Tebrazi.SharedKernel", "Kernel\Tebrazi.SharedKernel\Tebrazi.SharedKernel.csproj", "{CB242FB7-959E-4953-8755-FF2DAA86798E}"
EndProject
Project("{FAE04EC0-301F-11D3-BF4B-00C04F79EFBC}") = "Tebrazi.Infrastructure.Shared", "Kernel\Tebrazi.Infrastructure.Shared\Tebrazi.Infrastructure.Shared.csproj", "{A6667843-94DD-47F6-B203-6BD65CDE155B}"
EndProject
Project("{2150E333-8FDC-42A3-9474-1A3956D46DE8}") = "APIs", "APIs", "{A493B712-D036-515A-2346-D66A3A2D9736}"
EndProject
Project("{FAE04EC0-301F-11D3-BF4B-00C04F79EFBC}") = "Tebrazi.Common.Api", "APIs\Tebrazi.Common.Api\Tebrazi.Common.Api.csproj", "{EC273695-4CCF-4319-87A3-0A40ABEF7CBC}"
EndProject
Project("{FAE04EC0-301F-11D3-BF4B-00C04F79EFBC}") = "Tebrazi.Api", "APIs\Tebrazi.Api\Tebrazi.Api.csproj", "{361A943D-93B1-4C58-B0E6-86883B956682}"
EndProject
Project("{2150E333-8FDC-42A3-9474-1A3956D46DE8}") = "Modules", "Modules", "{CA253913-39DE-BFD0-C9A3-4B7EC6FBDF17}"
EndProject
Project("{2150E333-8FDC-42A3-9474-1A3956D46DE8}") = "Identity", "Identity", "{293C06CD-4E17-48BD-9F3B-B5ADDFFA9425}"
EndProject
Project("{FAE04EC0-301F-11D3-BF4B-00C04F79EFBC}") = "Tebrazi.Identity.Application", "Modules\Identity\Tebrazi.Identity.Application\Tebrazi.Identity.Application.csproj", "{3FD14D3D-3C7A-42A2-8030-77981F9A0104}"
EndProject
Project("{FAE04EC0-301F-11D3-BF4B-00C04F79EFBC}") = "Tebrazi.Identity.Domain", "Modules\Identity\Tebrazi.Identity.Domain\Tebrazi.Identity.Domain.csproj", "{7103EE84-6534-4733-B443-43AB8934844E}"
EndProject
Project("{FAE04EC0-301F-11D3-BF4B-00C04F79EFBC}") = "Tebrazi.Identity.Infrastructure", "Modules\Identity\Tebrazi.Identity.Infrastructure\Tebrazi.Identity.Infrastructure.csproj", "{D2B19B04-B6DB-49CC-B2AE-C048C3AFBC87}"
EndProject
Project("{FAE04EC0-301F-11D3-BF4B-00C04F79EFBC}") = "Tebrazi.Identity.Persistence", "Modules\Identity\Tebrazi.Identity.Persistence\Tebrazi.Identity.Persistence.csproj", "{653B2E99-EAFD-4C27-891E-2D0C1D6A78EF}"
EndProject
Project("{2150E333-8FDC-42A3-9474-1A3956D46DE8}") = "Documents", "Documents", "{B20BFB1D-5E93-2E1D-8DEF-EF62838A61B1}"
EndProject
Project("{FAE04EC0-301F-11D3-BF4B-00C04F79EFBC}") = "Tebrazi.Documents.Application", "Modules\Documents\Tebrazi.Documents.Application\Tebrazi.Documents.Application.csproj", "{2B5507AE-96CA-460E-8071-0437B15EE582}"
EndProject
Project("{FAE04EC0-301F-11D3-BF4B-00C04F79EFBC}") = "Tebrazi.Documents.Infrastructure", "Modules\Documents\Tebrazi.Documents.Infrastructure\Tebrazi.Documents.Infrastructure.csproj", "{BDFEEE99-1280-4595-9CF8-81074AA00D44}"
EndProject
Project("{2150E333-8FDC-42A3-9474-1A3956D46DE8}") = "Clinics", "Clinics", "{2D6AAA42-673D-31D7-DE2C-B771C80333F3}"
EndProject
Project("{FAE04EC0-301F-11D3-BF4B-00C04F79EFBC}") = "Tebrazi.Clinics.Application", "Modules\Clinics\Tebrazi.Clinics.Application\Tebrazi.Clinics.Application.csproj", "{79173F20-22CB-4DE1-AC0F-10D36C804418}"
EndProject
Project("{FAE04EC0-301F-11D3-BF4B-00C04F79EFBC}") = "Tebrazi.Clinics.Domain", "Modules\Clinics\Tebrazi.Clinics.Domain\Tebrazi.Clinics.Domain.csproj", "{97831912-8069-464D-AD14-B5C49096415C}"
EndProject
Project("{FAE04EC0-301F-11D3-BF4B-00C04F79EFBC}") = "Tebrazi.Clinics.Infrastructure", "Modules\Clinics\Tebrazi.Clinics.Infrastructure\Tebrazi.Clinics.Infrastructure.csproj", "{55DDCE74-CFB6-4D22-BC1C-8CD99574116C}"
EndProject
Project("{FAE04EC0-301F-11D3-BF4B-00C04F79EFBC}") = "Tebrazi.Clinics.Persistence", "Modules\Clinics\Tebrazi.Clinics.Persistence\Tebrazi.Clinics.Persistence.csproj", "{2764D065-5412-42AA-8EEB-306CFCA4BB95}"
EndProject
Project("{2150E333-8FDC-42A3-9474-1A3956D46DE8}") = "Patients", "Patients", "{F44D07B2-8045-63BE-D36F-626762B48BB9}"
EndProject
Project("{FAE04EC0-301F-11D3-BF4B-00C04F79EFBC}") = "Tebrazi.Patients.Application", "Modules\Patients\Tebrazi.Patients.Application\Tebrazi.Patients.Application.csproj", "{BC105267-B6B7-424B-A8EB-E91C95380A95}"
EndProject
Project("{FAE04EC0-301F-11D3-BF4B-00C04F79EFBC}") = "Tebrazi.Patients.Domain", "Modules\Patients\Tebrazi.Patients.Domain\Tebrazi.Patients.Domain.csproj", "{382D9858-145C-4EDB-BF0E-3E1AB71FF77A}"
EndProject
Project("{FAE04EC0-301F-11D3-BF4B-00C04F79EFBC}") = "Tebrazi.Patients.Infrastructure", "Modules\Patients\Tebrazi.Patients.Infrastructure\Tebrazi.Patients.Infrastructure.csproj", "{A310FBE3-D6A7-44F8-AF30-B8C8EC759141}"
EndProject
Project("{FAE04EC0-301F-11D3-BF4B-00C04F79EFBC}") = "Tebrazi.Patients.Persistence", "Modules\Patients\Tebrazi.Patients.Persistence\Tebrazi.Patients.Persistence.csproj", "{0D631C63-8F16-4EC6-9403-1C1904DB4714}"
EndProject
Project("{2150E333-8FDC-42A3-9474-1A3956D46DE8}") = "Visits", "Visits", "{FC875188-97FF-BAF4-E2B3-5F9824AC5C9A}"
EndProject
Project("{FAE04EC0-301F-11D3-BF4B-00C04F79EFBC}") = "Tebrazi.Visits.Domain", "Modules\Visits\Tebrazi.Visits.Domain\Tebrazi.Visits.Domain.csproj", "{79A560FA-D138-48A2-A436-B546C916EBD8}"
EndProject
Project("{FAE04EC0-301F-11D3-BF4B-00C04F79EFBC}") = "Tebrazi.Visits.Application", "Modules\Visits\Tebrazi.Visits.Application\Tebrazi.Visits.Application.csproj", "{9758F188-D01C-401A-9B41-FEA27E6204A2}"
EndProject
Project("{FAE04EC0-301F-11D3-BF4B-00C04F79EFBC}") = "Tebrazi.Visits.Persistence", "Modules\Visits\Tebrazi.Visits.Persistence\Tebrazi.Visits.Persistence.csproj", "{EFD315DD-6CD1-448B-B9B8-9A640A5F3365}"
EndProject
Project("{FAE04EC0-301F-11D3-BF4B-00C04F79EFBC}") = "Tebrazi.Visits.Infrastructure", "Modules\Visits\Tebrazi.Visits.Infrastructure\Tebrazi.Visits.Infrastructure.csproj", "{A40B1FEE-DC23-4C35-95ED-856389D68838}"
EndProject
Project("{2150E333-8FDC-42A3-9474-1A3956D46DE8}") = "Appointments", "Appointments", "{D882A6C3-3067-F0DA-7E7A-E12186DF3033}"
EndProject
Project("{FAE04EC0-301F-11D3-BF4B-00C04F79EFBC}") = "Tebrazi.Appointments.Domain", "Modules\Appointments\Tebrazi.Appointments.Domain\Tebrazi.Appointments.Domain.csproj", "{96BB2766-F6C7-408C-91F8-501C41261C8D}"
EndProject
Project("{FAE04EC0-301F-11D3-BF4B-00C04F79EFBC}") = "Tebrazi.Appointments.Application", "Modules\Appointments\Tebrazi.Appointments.Application\Tebrazi.Appointments.Application.csproj", "{FBBFD008-9847-4EAA-AF58-F05692139F7B}"
EndProject
Project("{FAE04EC0-301F-11D3-BF4B-00C04F79EFBC}") = "Tebrazi.Appointments.Persistence", "Modules\Appointments\Tebrazi.Appointments.Persistence\Tebrazi.Appointments.Persistence.csproj", "{F1098432-E032-4DFB-BCE6-4EE37B045113}"
EndProject
Project("{FAE04EC0-301F-11D3-BF4B-00C04F79EFBC}") = "Tebrazi.Appointments.Infrastructure", "Modules\Appointments\Tebrazi.Appointments.Infrastructure\Tebrazi.Appointments.Infrastructure.csproj", "{E48429ED-4CDE-4D99-AFEB-7C4D51FFC977}"
EndProject
Project("{2150E333-8FDC-42A3-9474-1A3956D46DE8}") = "Prescriptions", "Prescriptions", "{D418B6DC-25CB-ED90-7844-7905E0554BB9}"
EndProject
Project("{FAE04EC0-301F-11D3-BF4B-00C04F79EFBC}") = "Tebrazi.Prescriptions.Domain", "Modules\Prescriptions\Tebrazi.Prescriptions.Domain\Tebrazi.Prescriptions.Domain.csproj", "{4AB4EAB6-D56B-4F1E-A993-2D8F72740E36}"
EndProject
Project("{FAE04EC0-301F-11D3-BF4B-00C04F79EFBC}") = "Tebrazi.Prescriptions.Application", "Modules\Prescriptions\Tebrazi.Prescriptions.Application\Tebrazi.Prescriptions.Application.csproj", "{9361AF47-0C8E-4AE5-895C-C748A85D75C4}"
EndProject
Project("{FAE04EC0-301F-11D3-BF4B-00C04F79EFBC}") = "Tebrazi.Prescriptions.Persistence", "Modules\Prescriptions\Tebrazi.Prescriptions.Persistence\Tebrazi.Prescriptions.Persistence.csproj", "{54E25718-A217-4E16-ACCE-24462218CBCD}"
EndProject
Project("{FAE04EC0-301F-11D3-BF4B-00C04F79EFBC}") = "Tebrazi.Prescriptions.Infrastructure", "Modules\Prescriptions\Tebrazi.Prescriptions.Infrastructure\Tebrazi.Prescriptions.Infrastructure.csproj", "{6C59FE52-FCDC-4936-A77B-303B4F9784C3}"
EndProject
Project("{2150E333-8FDC-42A3-9474-1A3956D46DE8}") = "Notifications", "Notifications", "{E4F07A3A-0D15-4D3A-4C13-E2BD6EBFF108}"
EndProject
Project("{FAE04EC0-301F-11D3-BF4B-00C04F79EFBC}") = "Tebrazi.Notifications.Domain", "Modules\Notifications\Tebrazi.Notifications.Domain\Tebrazi.Notifications.Domain.csproj", "{8315892A-B435-47E6-BF41-CC7EA17C80A5}"
EndProject
Project("{FAE04EC0-301F-11D3-BF4B-00C04F79EFBC}") = "Tebrazi.Notifications.Application", "Modules\Notifications\Tebrazi.Notifications.Application\Tebrazi.Notifications.Application.csproj", "{ACD6A26B-C9B7-4925-B0D7-2A9861B97B94}"
EndProject
Project("{FAE04EC0-301F-11D3-BF4B-00C04F79EFBC}") = "Tebrazi.Notifications.Persistence", "Modules\Notifications\Tebrazi.Notifications.Persistence\Tebrazi.Notifications.Persistence.csproj", "{7FAAAD6B-0FB0-4875-A972-3DE91BA78CFC}"
EndProject
Project("{FAE04EC0-301F-11D3-BF4B-00C04F79EFBC}") = "Tebrazi.Notifications.Infrastructure", "Modules\Notifications\Tebrazi.Notifications.Infrastructure\Tebrazi.Notifications.Infrastructure.csproj", "{647B08ED-E10E-4227-9C9F-DEC1DD38A7BD}"
EndProject
Project("{2150E333-8FDC-42A3-9474-1A3956D46DE8}") = "Connections", "Connections", "{DADE83F8-D2A6-F25A-DE45-D511B199EE25}"
EndProject
Project("{FAE04EC0-301F-11D3-BF4B-00C04F79EFBC}") = "Tebrazi.Connections.Domain", "Modules\Connections\Tebrazi.Connections.Domain\Tebrazi.Connections.Domain.csproj", "{05975994-69C7-4841-A80C-3AA904FD8426}"
EndProject
Project("{FAE04EC0-301F-11D3-BF4B-00C04F79EFBC}") = "Tebrazi.Connections.Application", "Modules\Connections\Tebrazi.Connections.Application\Tebrazi.Connections.Application.csproj", "{05212F5F-4C59-4350-9EB6-992C675F0F01}"
EndProject
Project("{FAE04EC0-301F-11D3-BF4B-00C04F79EFBC}") = "Tebrazi.Connections.Persistence", "Modules\Connections\Tebrazi.Connections.Persistence\Tebrazi.Connections.Persistence.csproj", "{DC9F13C2-33EC-4715-8EFE-9D2AB4242CBA}"
EndProject
Project("{FAE04EC0-301F-11D3-BF4B-00C04F79EFBC}") = "Tebrazi.Connections.Infrastructure", "Modules\Connections\Tebrazi.Connections.Infrastructure\Tebrazi.Connections.Infrastructure.csproj", "{AE52754A-1FE4-4DAB-9D83-CA7EAA34A7C6}"
EndProject
Global
	GlobalSection(SolutionConfigurationPlatforms) = preSolution
		Debug|Any CPU = Debug|Any CPU
		Debug|x64 = Debug|x64
		Debug|x86 = Debug|x86
		Release|Any CPU = Release|Any CPU
		Release|x64 = Release|x64
		Release|x86 = Release|x86
	EndGlobalSection
	GlobalSection(ProjectConfigurationPlatforms) = postSolution
		{CB242FB7-959E-4953-8755-FF2DAA86798E}.Debug|Any CPU.ActiveCfg = Debug|Any CPU
		{CB242FB7-959E-4953-8755-FF2DAA86798E}.Debug|Any CPU.Build.0 = Debug|Any CPU
		{CB242FB7-959E-4953-8755-FF2DAA86798E}.Debug|x64.ActiveCfg = Debug|Any CPU
		{CB242FB7-959E-4953-8755-FF2DAA86798E}.Debug|x64.Build.0 = Debug|Any CPU
		{CB242FB7-959E-4953-8755-FF2DAA86798E}.Debug|x86.ActiveCfg = Debug|Any CPU
		{CB242FB7-959E-4953-8755-FF2DAA86798E}.Debug|x86.Build.0 = Debug|Any CPU
		{CB242FB7-959E-4953-8755-FF2DAA86798E}.Release|Any CPU.ActiveCfg = Release|Any CPU
		{CB242FB7-959E-4953-8755-FF2DAA86798E}.Release|Any CPU.Build.0 = Release|Any CPU
		{CB242FB7-959E-4953-8755-FF2DAA86798E}.Release|x64.ActiveCfg = Release|Any CPU
		{CB242FB7-959E-4953-8755-FF2DAA86798E}.Release|x64.Build.0 = Release|Any CPU
		{CB242FB7-959E-4953-8755-FF2DAA86798E}.Release|x86.ActiveCfg = Release|Any CPU
		{CB242FB7-959E-4953-8755-FF2DAA86798E}.Release|x86.Build.0 = Release|Any CPU
		{A6667843-94DD-47F6-B203-6BD65CDE155B}.Debug|Any CPU.ActiveCfg = Debug|Any CPU
		{A6667843-94DD-47F6-B203-6BD65CDE155B}.Debug|Any CPU.Build.0 = Debug|Any CPU
		{A6667843-94DD-47F6-B203-6BD65CDE155B}.Debug|x64.ActiveCfg = Debug|Any CPU
		{A6667843-94DD-47F6-B203-6BD65CDE155B}.Debug|x64.Build.0 = Debug|Any CPU
		{A6667843-94DD-47F6-B203-6BD65CDE155B}.Debug|x86.ActiveCfg = Debug|Any CPU
		{A6667843-94DD-47F6-B203-6BD65CDE155B}.Debug|x86.Build.0 = Debug|Any CPU
		{A6667843-94DD-47F6-B203-6BD65CDE155B}.Release|Any CPU.ActiveCfg = Release|Any CPU
		{A6667843-94DD-47F6-B203-6BD65CDE155B}.Release|Any CPU.Build.0 = Release|Any CPU
		{A6667843-94DD-47F6-B203-6BD65CDE155B}.Release|x64.ActiveCfg = Release|Any CPU
		{A6667843-94DD-47F6-B203-6BD65CDE155B}.Release|x64.Build.0 = Release|Any CPU
		{A6667843-94DD-47F6-B203-6BD65CDE155B}.Release|x86.ActiveCfg = Release|Any CPU
		{A6667843-94DD-47F6-B203-6BD65CDE155B}.Release|x86.Build.0 = Release|Any CPU
		{EC273695-4CCF-4319-87A3-0A40ABEF7CBC}.Debug|Any CPU.ActiveCfg = Debug|Any CPU
		{EC273695-4CCF-4319-87A3-0A40ABEF7CBC}.Debug|Any CPU.Build.0 = Debug|Any CPU
		{EC273695-4CCF-4319-87A3-0A40ABEF7CBC}.Debug|x64.ActiveCfg = Debug|Any CPU
		{EC273695-4CCF-4319-87A3-0A40ABEF7CBC}.Debug|x64.Build.0 = Debug|Any CPU
		{EC273695-4CCF-4319-87A3-0A40ABEF7CBC}.Debug|x86.ActiveCfg = Debug|Any CPU
		{EC273695-4CCF-4319-87A3-0A40ABEF7CBC}.Debug|x86.Build.0 = Debug|Any CPU
		{EC273695-4CCF-4319-87A3-0A40ABEF7CBC}.Release|Any CPU.ActiveCfg = Release|Any CPU
		{EC273695-4CCF-4319-87A3-0A40ABEF7CBC}.Release|Any CPU.Build.0 = Release|Any CPU
		{EC273695-4CCF-4319-87A3-0A40ABEF7CBC}.Release|x64.ActiveCfg = Release|Any CPU
		{EC273695-4CCF-4319-87A3-0A40ABEF7CBC}.Release|x64.Build.0 = Release|Any CPU
		{EC273695-4CCF-4319-87A3-0A40ABEF7CBC}.Release|x86.ActiveCfg = Release|Any CPU
		{EC273695-4CCF-4319-87A3-0A40ABEF7CBC}.Release|x86.Build.0 = Release|Any CPU
		{361A943D-93B1-4C58-B0E6-86883B956682}.Debug|Any CPU.ActiveCfg = Debug|Any CPU
		{361A943D-93B1-4C58-B0E6-86883B956682}.Debug|Any CPU.Build.0 = Debug|Any CPU
		{361A943D-93B1-4C58-B0E6-86883B956682}.Debug|x64.ActiveCfg = Debug|Any CPU
		{361A943D-93B1-4C58-B0E6-86883B956682}.Debug|x64.Build.0 = Debug|Any CPU
		{361A943D-93B1-4C58-B0E6-86883B956682}.Debug|x86.ActiveCfg = Debug|Any CPU
		{361A943D-93B1-4C58-B0E6-86883B956682}.Debug|x86.Build.0 = Debug|Any CPU
		{361A943D-93B1-4C58-B0E6-86883B956682}.Release|Any CPU.ActiveCfg = Release|Any CPU
		{361A943D-93B1-4C58-B0E6-86883B956682}.Release|Any CPU.Build.0 = Release|Any CPU
		{361A943D-93B1-4C58-B0E6-86883B956682}.Release|x64.ActiveCfg = Release|Any CPU
		{361A943D-93B1-4C58-B0E6-86883B956682}.Release|x64.Build.0 = Release|Any CPU
		{361A943D-93B1-4C58-B0E6-86883B956682}.Release|x86.ActiveCfg = Release|Any CPU
		{361A943D-93B1-4C58-B0E6-86883B956682}.Release|x86.Build.0 = Release|Any CPU
		{3FD14D3D-3C7A-42A2-8030-77981F9A0104}.Debug|Any CPU.ActiveCfg = Debug|Any CPU
		{3FD14D3D-3C7A-42A2-8030-77981F9A0104}.Debug|Any CPU.Build.0 = Debug|Any CPU
		{3FD14D3D-3C7A-42A2-8030-77981F9A0104}.Debug|x64.ActiveCfg = Debug|Any CPU
		{3FD14D3D-3C7A-42A2-8030-77981F9A0104}.Debug|x64.Build.0 = Debug|Any CPU
		{3FD14D3D-3C7A-42A2-8030-77981F9A0104}.Debug|x86.ActiveCfg = Debug|Any CPU
		{3FD14D3D-3C7A-42A2-8030-77981F9A0104}.Debug|x86.Build.0 = Debug|Any CPU
		{3FD14D3D-3C7A-42A2-8030-77981F9A0104}.Release|Any CPU.ActiveCfg = Release|Any CPU
		{3FD14D3D-3C7A-42A2-8030-77981F9A0104}.Release|Any CPU.Build.0 = Release|Any CPU
		{3FD14D3D-3C7A-42A2-8030-77981F9A0104}.Release|x64.ActiveCfg = Release|Any CPU
		{3FD14D3D-3C7A-42A2-8030-77981F9A0104}.Release|x64.Build.0 = Release|Any CPU
		{3FD14D3D-3C7A-42A2-8030-77981F9A0104}.Release|x86.ActiveCfg = Release|Any CPU
		{3FD14D3D-3C7A-42A2-8030-77981F9A0104}.Release|x86.Build.0 = Release|Any CPU
		{7103EE84-6534-4733-B443-43AB8934844E}.Debug|Any CPU.ActiveCfg = Debug|Any CPU
		{7103EE84-6534-4733-B443-43AB8934844E}.Debug|Any CPU.Build.0 = Debug|Any CPU
		{7103EE84-6534-4733-B443-43AB8934844E}.Debug|x64.ActiveCfg = Debug|Any CPU
		{7103EE84-6534-4733-B443-43AB8934844E}.Debug|x64.Build.0 = Debug|Any CPU
		{7103EE84-6534-4733-B443-43AB8934844E}.Debug|x86.ActiveCfg = Debug|Any CPU
		{7103EE84-6534-4733-B443-43AB8934844E}.Debug|x86.Build.0 = Debug|Any CPU
		{7103EE84-6534-4733-B443-43AB8934844E}.Release|Any CPU.ActiveCfg = Release|Any CPU
		{7103EE84-6534-4733-B443-43AB8934844E}.Release|Any CPU.Build.0 = Release|Any CPU
		{7103EE84-6534-4733-B443-43AB8934844E}.Release|x64.ActiveCfg = Release|Any CPU
		{7103EE84-6534-4733-B443-43AB8934844E}.Release|x64.Build.0 = Release|Any CPU
		{7103EE84-6534-4733-B443-43AB8934844E}.Release|x86.ActiveCfg = Release|Any CPU
		{7103EE84-6534-4733-B443-43AB8934844E}.Release|x86.Build.0 = Release|Any CPU
		{D2B19B04-B6DB-49CC-B2AE-C048C3AFBC87}.Debug|Any CPU.ActiveCfg = Debug|Any CPU
		{D2B19B04-B6DB-49CC-B2AE-C048C3AFBC87}.Debug|Any CPU.Build.0 = Debug|Any CPU
		{D2B19B04-B6DB-49CC-B2AE-C048C3AFBC87}.Debug|x64.ActiveCfg = Debug|Any CPU
		{D2B19B04-B6DB-49CC-B2AE-C048C3AFBC87}.Debug|x64.Build.0 = Debug|Any CPU
		{D2B19B04-B6DB-49CC-B2AE-C048C3AFBC87}.Debug|x86.ActiveCfg = Debug|Any CPU
		{D2B19B04-B6DB-49CC-B2AE-C048C3AFBC87}.Debug|x86.Build.0 = Debug|Any CPU
		{D2B19B04-B6DB-49CC-B2AE-C048C3AFBC87}.Release|Any CPU.ActiveCfg = Release|Any CPU
		{D2B19B04-B6DB-49CC-B2AE-C048C3AFBC87}.Release|Any CPU.Build.0 = Release|Any CPU
		{D2B19B04-B6DB-49CC-B2AE-C048C3AFBC87}.Release|x64.ActiveCfg = Release|Any CPU
		{D2B19B04-B6DB-49CC-B2AE-C048C3AFBC87}.Release|x64.Build.0 = Release|Any CPU
		{D2B19B04-B6DB-49CC-B2AE-C048C3AFBC87}.Release|x86.ActiveCfg = Release|Any CPU
		{D2B19B04-B6DB-49CC-B2AE-C048C3AFBC87}.Release|x86.Build.0 = Release|Any CPU
		{653B2E99-EAFD-4C27-891E-2D0C1D6A78EF}.Debug|Any CPU.ActiveCfg = Debug|Any CPU
		{653B2E99-EAFD-4C27-891E-2D0C1D6A78EF}.Debug|Any CPU.Build.0 = Debug|Any CPU
		{653B2E99-EAFD-4C27-891E-2D0C1D6A78EF}.Debug|x64.ActiveCfg = Debug|Any CPU
		{653B2E99-EAFD-4C27-891E-2D0C1D6A78EF}.Debug|x64.Build.0 = Debug|Any CPU
		{653B2E99-EAFD-4C27-891E-2D0C1D6A78EF}.Debug|x86.ActiveCfg = Debug|Any CPU
		{653B2E99-EAFD-4C27-891E-2D0C1D6A78EF}.Debug|x86.Build.0 = Debug|Any CPU
		{653B2E99-EAFD-4C27-891E-2D0C1D6A78EF}.Release|Any CPU.ActiveCfg = Release|Any CPU
		{653B2E99-EAFD-4C27-891E-2D0C1D6A78EF}.Release|Any CPU.Build.0 = Release|Any CPU
		{653B2E99-EAFD-4C27-891E-2D0C1D6A78EF}.Release|x64.ActiveCfg = Release|Any CPU
		{653B2E99-EAFD-4C27-891E-2D0C1D6A78EF}.Release|x64.Build.0 = Release|Any CPU
		{653B2E99-EAFD-4C27-891E-2D0C1D6A78EF}.Release|x86.ActiveCfg = Release|Any CPU
		{653B2E99-EAFD-4C27-891E-2D0C1D6A78EF}.Release|x86.Build.0 = Release|Any CPU
		{2B5507AE-96CA-460E-8071-0437B15EE582}.Debug|Any CPU.ActiveCfg = Debug|Any CPU
		{2B5507AE-96CA-460E-8071-0437B15EE582}.Debug|Any CPU.Build.0 = Debug|Any CPU
		{2B5507AE-96CA-460E-8071-0437B15EE582}.Debug|x64.ActiveCfg = Debug|Any CPU
		{2B5507AE-96CA-460E-8071-0437B15EE582}.Debug|x64.Build.0 = Debug|Any CPU
		{2B5507AE-96CA-460E-8071-0437B15EE582}.Debug|x86.ActiveCfg = Debug|Any CPU
		{2B5507AE-96CA-460E-8071-0437B15EE582}.Debug|x86.Build.0 = Debug|Any CPU
		{2B5507AE-96CA-460E-8071-0437B15EE582}.Release|Any CPU.ActiveCfg = Release|Any CPU
		{2B5507AE-96CA-460E-8071-0437B15EE582}.Release|Any CPU.Build.0 = Release|Any CPU
		{2B5507AE-96CA-460E-8071-0437B15EE582}.Release|x64.ActiveCfg = Release|Any CPU
		{2B5507AE-96CA-460E-8071-0437B15EE582}.Release|x64.Build.0 = Release|Any CPU
		{2B5507AE-96CA-460E-8071-0437B15EE582}.Release|x86.ActiveCfg = Release|Any CPU
		{2B5507AE-96CA-460E-8071-0437B15EE582}.Release|x86.Build.0 = Release|Any CPU
		{BDFEEE99-1280-4595-9CF8-81074AA00D44}.Debug|Any CPU.ActiveCfg = Debug|Any CPU
		{BDFEEE99-1280-4595-9CF8-81074AA00D44}.Debug|Any CPU.Build.0 = Debug|Any CPU
		{BDFEEE99-1280-4595-9CF8-81074AA00D44}.Debug|x64.ActiveCfg = Debug|Any CPU
		{BDFEEE99-1280-4595-9CF8-81074AA00D44}.Debug|x64.Build.0 = Debug|Any CPU
		{BDFEEE99-1280-4595-9CF8-81074AA00D44}.Debug|x86.ActiveCfg = Debug|Any CPU
		{BDFEEE99-1280-4595-9CF8-81074AA00D44}.Debug|x86.Build.0 = Debug|Any CPU
		{BDFEEE99-1280-4595-9CF8-81074AA00D44}.Release|Any CPU.ActiveCfg = Release|Any CPU
		{BDFEEE99-1280-4595-9CF8-81074AA00D44}.Release|Any CPU.Build.0 = Release|Any CPU
		{BDFEEE99-1280-4595-9CF8-81074AA00D44}.Release|x64.ActiveCfg = Release|Any CPU
		{BDFEEE99-1280-4595-9CF8-81074AA00D44}.Release|x64.Build.0 = Release|Any CPU
		{BDFEEE99-1280-4595-9CF8-81074AA00D44}.Release|x86.ActiveCfg = Release|Any CPU
		{BDFEEE99-1280-4595-9CF8-81074AA00D44}.Release|x86.Build.0 = Release|Any CPU
		{79173F20-22CB-4DE1-AC0F-10D36C804418}.Debug|Any CPU.ActiveCfg = Debug|Any CPU
		{79173F20-22CB-4DE1-AC0F-10D36C804418}.Debug|Any CPU.Build.0 = Debug|Any CPU
		{79173F20-22CB-4DE1-AC0F-10D36C804418}.Debug|x64.ActiveCfg = Debug|Any CPU
		{79173F20-22CB-4DE1-AC0F-10D36C804418}.Debug|x64.Build.0 = Debug|Any CPU
		{79173F20-22CB-4DE1-AC0F-10D36C804418}.Debug|x86.ActiveCfg = Debug|Any CPU
		{79173F20-22CB-4DE1-AC0F-10D36C804418}.Debug|x86.Build.0 = Debug|Any CPU
		{79173F20-22CB-4DE1-AC0F-10D36C804418}.Release|Any CPU.ActiveCfg = Release|Any CPU
		{79173F20-22CB-4DE1-AC0F-10D36C804418}.Release|Any CPU.Build.0 = Release|Any CPU
		{79173F20-22CB-4DE1-AC0F-10D36C804418}.Release|x64.ActiveCfg = Release|Any CPU
		{79173F20-22CB-4DE1-AC0F-10D36C804418}.Release|x64.Build.0 = Release|Any CPU
		{79173F20-22CB-4DE1-AC0F-10D36C804418}.Release|x86.ActiveCfg = Release|Any CPU
		{79173F20-22CB-4DE1-AC0F-10D36C804418}.Release|x86.Build.0 = Release|Any CPU
		{97831912-8069-464D-AD14-B5C49096415C}.Debug|Any CPU.ActiveCfg = Debug|Any CPU
		{97831912-8069-464D-AD14-B5C49096415C}.Debug|Any CPU.Build.0 = Debug|Any CPU
		{97831912-8069-464D-AD14-B5C49096415C}.Debug|x64.ActiveCfg = Debug|Any CPU
		{97831912-8069-464D-AD14-B5C49096415C}.Debug|x64.Build.0 = Debug|Any CPU
		{97831912-8069-464D-AD14-B5C49096415C}.Debug|x86.ActiveCfg = Debug|Any CPU
		{97831912-8069-464D-AD14-B5C49096415C}.Debug|x86.Build.0 = Debug|Any CPU
		{97831912-8069-464D-AD14-B5C49096415C}.Release|Any CPU.ActiveCfg = Release|Any CPU
		{97831912-8069-464D-AD14-B5C49096415C}.Release|Any CPU.Build.0 = Release|Any CPU
		{97831912-8069-464D-AD14-B5C49096415C}.Release|x64.ActiveCfg = Release|Any CPU
		{97831912-8069-464D-AD14-B5C49096415C}.Release|x64.Build.0 = Release|Any CPU
		{97831912-8069-464D-AD14-B5C49096415C}.Release|x86.ActiveCfg = Release|Any CPU
		{97831912-8069-464D-AD14-B5C49096415C}.Release|x86.Build.0 = Release|Any CPU
		{55DDCE74-CFB6-4D22-BC1C-8CD99574116C}.Debug|Any CPU.ActiveCfg = Debug|Any CPU
		{55DDCE74-CFB6-4D22-BC1C-8CD99574116C}.Debug|Any CPU.Build.0 = Debug|Any CPU
		{55DDCE74-CFB6-4D22-BC1C-8CD99574116C}.Debug|x64.ActiveCfg = Debug|Any CPU
		{55DDCE74-CFB6-4D22-BC1C-8CD99574116C}.Debug|x64.Build.0 = Debug|Any CPU
		{55DDCE74-CFB6-4D22-BC1C-8CD99574116C}.Debug|x86.ActiveCfg = Debug|Any CPU
		{55DDCE74-CFB6-4D22-BC1C-8CD99574116C}.Debug|x86.Build.0 = Debug|Any CPU
		{55DDCE74-CFB6-4D22-BC1C-8CD99574116C}.Release|Any CPU.ActiveCfg = Release|Any CPU
		{55DDCE74-CFB6-4D22-BC1C-8CD99574116C}.Release|Any CPU.Build.0 = Release|Any CPU
		{55DDCE74-CFB6-4D22-BC1C-8CD99574116C}.Release|x64.ActiveCfg = Release|Any CPU
		{55DDCE74-CFB6-4D22-BC1C-8CD99574116C}.Release|x64.Build.0 = Release|Any CPU
		{55DDCE74-CFB6-4D22-BC1C-8CD99574116C}.Release|x86.ActiveCfg = Release|Any CPU
		{55DDCE74-CFB6-4D22-BC1C-8CD99574116C}.Release|x86.Build.0 = Release|Any CPU
		{2764D065-5412-42AA-8EEB-306CFCA4BB95}.Debug|Any CPU.ActiveCfg = Debug|Any CPU
		{2764D065-5412-42AA-8EEB-306CFCA4BB95}.Debug|Any CPU.Build.0 = Debug|Any CPU
		{2764D065-5412-42AA-8EEB-306CFCA4BB95}.Debug|x64.ActiveCfg = Debug|Any CPU
		{2764D065-5412-42AA-8EEB-306CFCA4BB95}.Debug|x64.Build.0 = Debug|Any CPU
		{2764D065-5412-42AA-8EEB-306CFCA4BB95}.Debug|x86.ActiveCfg = Debug|Any CPU
		{2764D065-5412-42AA-8EEB-306CFCA4BB95}.Debug|x86.Build.0 = Debug|Any CPU
		{2764D065-5412-42AA-8EEB-306CFCA4BB95}.Release|Any CPU.ActiveCfg = Release|Any CPU
		{2764D065-5412-42AA-8EEB-306CFCA4BB95}.Release|Any CPU.Build.0 = Release|Any CPU
		{2764D065-5412-42AA-8EEB-306CFCA4BB95}.Release|x64.ActiveCfg = Release|Any CPU
		{2764D065-5412-42AA-8EEB-306CFCA4BB95}.Release|x64.Build.0 = Release|Any CPU
		{2764D065-5412-42AA-8EEB-306CFCA4BB95}.Release|x86.ActiveCfg = Release|Any CPU
		{2764D065-5412-42AA-8EEB-306CFCA4BB95}.Release|x86.Build.0 = Release|Any CPU
		{BC105267-B6B7-424B-A8EB-E91C95380A95}.Debug|Any CPU.ActiveCfg = Debug|Any CPU
		{BC105267-B6B7-424B-A8EB-E91C95380A95}.Debug|Any CPU.Build.0 = Debug|Any CPU
		{BC105267-B6B7-424B-A8EB-E91C95380A95}.Debug|x64.ActiveCfg = Debug|Any CPU
		{BC105267-B6B7-424B-A8EB-E91C95380A95}.Debug|x64.Build.0 = Debug|Any CPU
		{BC105267-B6B7-424B-A8EB-E91C95380A95}.Debug|x86.ActiveCfg = Debug|Any CPU
		{BC105267-B6B7-424B-A8EB-E91C95380A95}.Debug|x86.Build.0 = Debug|Any CPU
		{BC105267-B6B7-424B-A8EB-E91C95380A95}.Release|Any CPU.ActiveCfg = Release|Any CPU
		{BC105267-B6B7-424B-A8EB-E91C95380A95}.Release|Any CPU.Build.0 = Release|Any CPU
		{BC105267-B6B7-424B-A8EB-E91C95380A95}.Release|x64.ActiveCfg = Release|Any CPU
		{BC105267-B6B7-424B-A8EB-E91C95380A95}.Release|x64.Build.0 = Release|Any CPU
		{BC105267-B6B7-424B-A8EB-E91C95380A95}.Release|x86.ActiveCfg = Release|Any CPU
		{BC105267-B6B7-424B-A8EB-E91C95380A95}.Release|x86.Build.0 = Release|Any CPU
		{382D9858-145C-4EDB-BF0E-3E1AB71FF77A}.Debug|Any CPU.ActiveCfg = Debug|Any CPU
		{382D9858-145C-4EDB-BF0E-3E1AB71FF77A}.Debug|Any CPU.Build.0 = Debug|Any CPU
		{382D9858-145C-4EDB-BF0E-3E1AB71FF77A}.Debug|x64.ActiveCfg = Debug|Any CPU
		{382D9858-145C-4EDB-BF0E-3E1AB71FF77A}.Debug|x64.Build.0 = Debug|Any CPU
		{382D9858-145C-4EDB-BF0E-3E1AB71FF77A}.Debug|x86.ActiveCfg = Debug|Any CPU
		{382D9858-145C-4EDB-BF0E-3E1AB71FF77A}.Debug|x86.Build.0 = Debug|Any CPU
		{382D9858-145C-4EDB-BF0E-3E1AB71FF77A}.Release|Any CPU.ActiveCfg = Release|Any CPU
		{382D9858-145C-4EDB-BF0E-3E1AB71FF77A}.Release|Any CPU.Build.0 = Release|Any CPU
		{382D9858-145C-4EDB-BF0E-3E1AB71FF77A}.Release|x64.ActiveCfg = Release|Any CPU
		{382D9858-145C-4EDB-BF0E-3E1AB71FF77A}.Release|x64.Build.0 = Release|Any CPU
		{382D9858-145C-4EDB-BF0E-3E1AB71FF77A}.Release|x86.ActiveCfg = Release|Any CPU
		{382D9858-145C-4EDB-BF0E-3E1AB71FF77A}.Release|x86.Build.0 = Release|Any CPU
		{A310FBE3-D6A7-44F8-AF30-B8C8EC759141}.Debug|Any CPU.ActiveCfg = Debug|Any CPU
		{A310FBE3-D6A7-44F8-AF30-B8C8EC759141}.Debug|Any CPU.Build.0 = Debug|Any CPU
		{A310FBE3-D6A7-44F8-AF30-B8C8EC759141}.Debug|x64.ActiveCfg = Debug|Any CPU
		{A310FBE3-D6A7-44F8-AF30-B8C8EC759141}.Debug|x64.Build.0 = Debug|Any CPU
		{A310FBE3-D6A7-44F8-AF30-B8C8EC759141}.Debug|x86.ActiveCfg = Debug|Any CPU
		{A310FBE3-D6A7-44F8-AF30-B8C8EC759141}.Debug|x86.Build.0 = Debug|Any CPU
		{A310FBE3-D6A7-44F8-AF30-B8C8EC759141}.Release|Any CPU.ActiveCfg = Release|Any CPU
		{A310FBE3-D6A7-44F8-AF30-B8C8EC759141}.Release|Any CPU.Build.0 = Release|Any CPU
		{A310FBE3-D6A7-44F8-AF30-B8C8EC759141}.Release|x64.ActiveCfg = Release|Any CPU
		{A310FBE3-D6A7-44F8-AF30-B8C8EC759141}.Release|x64.Build.0 = Release|Any CPU
		{A310FBE3-D6A7-44F8-AF30-B8C8EC759141}.Release|x86.ActiveCfg = Release|Any CPU
		{A310FBE3-D6A7-44F8-AF30-B8C8EC759141}.Release|x86.Build.0 = Release|Any CPU
		{0D631C63-8F16-4EC6-9403-1C1904DB4714}.Debug|Any CPU.ActiveCfg = Debug|Any CPU
		{0D631C63-8F16-4EC6-9403-1C1904DB4714}.Debug|Any CPU.Build.0 = Debug|Any CPU
		{0D631C63-8F16-4EC6-9403-1C1904DB4714}.Debug|x64.ActiveCfg = Debug|Any CPU
		{0D631C63-8F16-4EC6-9403-1C1904DB4714}.Debug|x64.Build.0 = Debug|Any CPU
		{0D631C63-8F16-4EC6-9403-1C1904DB4714}.Debug|x86.ActiveCfg = Debug|Any CPU
		{0D631C63-8F16-4EC6-9403-1C1904DB4714}.Debug|x86.Build.0 = Debug|Any CPU
		{0D631C63-8F16-4EC6-9403-1C1904DB4714}.Release|Any CPU.ActiveCfg = Release|Any CPU
		{0D631C63-8F16-4EC6-9403-1C1904DB4714}.Release|Any CPU.Build.0 = Release|Any CPU
		{0D631C63-8F16-4EC6-9403-1C1904DB4714}.Release|x64.ActiveCfg = Release|Any CPU
		{0D631C63-8F16-4EC6-9403-1C1904DB4714}.Release|x64.Build.0 = Release|Any CPU
		{0D631C63-8F16-4EC6-9403-1C1904DB4714}.Release|x86.ActiveCfg = Release|Any CPU
		{0D631C63-8F16-4EC6-9403-1C1904DB4714}.Release|x86.Build.0 = Release|Any CPU
		{79A560FA-D138-48A2-A436-B546C916EBD8}.Debug|Any CPU.ActiveCfg = Debug|Any CPU
		{79A560FA-D138-48A2-A436-B546C916EBD8}.Debug|Any CPU.Build.0 = Debug|Any CPU
		{79A560FA-D138-48A2-A436-B546C916EBD8}.Debug|x64.ActiveCfg = Debug|Any CPU
		{79A560FA-D138-48A2-A436-B546C916EBD8}.Debug|x64.Build.0 = Debug|Any CPU
		{79A560FA-D138-48A2-A436-B546C916EBD8}.Debug|x86.ActiveCfg = Debug|Any CPU
		{79A560FA-D138-48A2-A436-B546C916EBD8}.Debug|x86.Build.0 = Debug|Any CPU
		{79A560FA-D138-48A2-A436-B546C916EBD8}.Release|Any CPU.ActiveCfg = Release|Any CPU
		{79A560FA-D138-48A2-A436-B546C916EBD8}.Release|Any CPU.Build.0 = Release|Any CPU
		{79A560FA-D138-48A2-A436-B546C916EBD8}.Release|x64.ActiveCfg = Release|Any CPU
		{79A560FA-D138-48A2-A436-B546C916EBD8}.Release|x64.Build.0 = Release|Any CPU
		{79A560FA-D138-48A2-A436-B546C916EBD8}.Release|x86.ActiveCfg = Release|Any CPU
		{79A560FA-D138-48A2-A436-B546C916EBD8}.Release|x86.Build.0 = Release|Any CPU
		{9758F188-D01C-401A-9B41-FEA27E6204A2}.Debug|Any CPU.ActiveCfg = Debug|Any CPU
		{9758F188-D01C-401A-9B41-FEA27E6204A2}.Debug|Any CPU.Build.0 = Debug|Any CPU
		{9758F188-D01C-401A-9B41-FEA27E6204A2}.Debug|x64.ActiveCfg = Debug|Any CPU
		{9758F188-D01C-401A-9B41-FEA27E6204A2}.Debug|x64.Build.0 = Debug|Any CPU
		{9758F188-D01C-401A-9B41-FEA27E6204A2}.Debug|x86.ActiveCfg = Debug|Any CPU
		{9758F188-D01C-401A-9B41-FEA27E6204A2}.Debug|x86.Build.0 = Debug|Any CPU
		{9758F188-D01C-401A-9B41-FEA27E6204A2}.Release|Any CPU.ActiveCfg = Release|Any CPU
		{9758F188-D01C-401A-9B41-FEA27E6204A2}.Release|Any CPU.Build.0 = Release|Any CPU
		{9758F188-D01C-401A-9B41-FEA27E6204A2}.Release|x64.ActiveCfg = Release|Any CPU
		{9758F188-D01C-401A-9B41-FEA27E6204A2}.Release|x64.Build.0 = Release|Any CPU
		{9758F188-D01C-401A-9B41-FEA27E6204A2}.Release|x86.ActiveCfg = Release|Any CPU
		{9758F188-D01C-401A-9B41-FEA27E6204A2}.Release|x86.Build.0 = Release|Any CPU
		{EFD315DD-6CD1-448B-B9B8-9A640A5F3365}.Debug|Any CPU.ActiveCfg = Debug|Any CPU
		{EFD315DD-6CD1-448B-B9B8-9A640A5F3365}.Debug|Any CPU.Build.0 = Debug|Any CPU
		{EFD315DD-6CD1-448B-B9B8-9A640A5F3365}.Debug|x64.ActiveCfg = Debug|Any CPU
		{EFD315DD-6CD1-448B-B9B8-9A640A5F3365}.Debug|x64.Build.0 = Debug|Any CPU
		{EFD315DD-6CD1-448B-B9B8-9A640A5F3365}.Debug|x86.ActiveCfg = Debug|Any CPU
		{EFD315DD-6CD1-448B-B9B8-9A640A5F3365}.Debug|x86.Build.0 = Debug|Any CPU
		{EFD315DD-6CD1-448B-B9B8-9A640A5F3365}.Release|Any CPU.ActiveCfg = Release|Any CPU
		{EFD315DD-6CD1-448B-B9B8-9A640A5F3365}.Release|Any CPU.Build.0 = Release|Any CPU
		{EFD315DD-6CD1-448B-B9B8-9A640A5F3365}.Release|x64.ActiveCfg = Release|Any CPU
		{EFD315DD-6CD1-448B-B9B8-9A640A5F3365}.Release|x64.Build.0 = Release|Any CPU
		{EFD315DD-6CD1-448B-B9B8-9A640A5F3365}.Release|x86.ActiveCfg = Release|Any CPU
		{EFD315DD-6CD1-448B-B9B8-9A640A5F3365}.Release|x86.Build.0 = Release|Any CPU
		{A40B1FEE-DC23-4C35-95ED-856389D68838}.Debug|Any CPU.ActiveCfg = Debug|Any CPU
		{A40B1FEE-DC23-4C35-95ED-856389D68838}.Debug|Any CPU.Build.0 = Debug|Any CPU
		{A40B1FEE-DC23-4C35-95ED-856389D68838}.Debug|x64.ActiveCfg = Debug|Any CPU
		{A40B1FEE-DC23-4C35-95ED-856389D68838}.Debug|x64.Build.0 = Debug|Any CPU
		{A40B1FEE-DC23-4C35-95ED-856389D68838}.Debug|x86.ActiveCfg = Debug|Any CPU
		{A40B1FEE-DC23-4C35-95ED-856389D68838}.Debug|x86.Build.0 = Debug|Any CPU
		{A40B1FEE-DC23-4C35-95ED-856389D68838}.Release|Any CPU.ActiveCfg = Release|Any CPU
		{A40B1FEE-DC23-4C35-95ED-856389D68838}.Release|Any CPU.Build.0 = Release|Any CPU
		{A40B1FEE-DC23-4C35-95ED-856389D68838}.Release|x64.ActiveCfg = Release|Any CPU
		{A40B1FEE-DC23-4C35-95ED-856389D68838}.Release|x64.Build.0 = Release|Any CPU
		{A40B1FEE-DC23-4C35-95ED-856389D68838}.Release|x86.ActiveCfg = Release|Any CPU
		{A40B1FEE-DC23-4C35-95ED-856389D68838}.Release|x86.Build.0 = Release|Any CPU
		{96BB2766-F6C7-408C-91F8-501C41261C8D}.Debug|Any CPU.ActiveCfg = Debug|Any CPU
		{96BB2766-F6C7-408C-91F8-501C41261C8D}.Debug|Any CPU.Build.0 = Debug|Any CPU
		{96BB2766-F6C7-408C-91F8-501C41261C8D}.Debug|x64.ActiveCfg = Debug|Any CPU
		{96BB2766-F6C7-408C-91F8-501C41261C8D}.Debug|x64.Build.0 = Debug|Any CPU
		{96BB2766-F6C7-408C-91F8-501C41261C8D}.Debug|x86.ActiveCfg = Debug|Any CPU
		{96BB2766-F6C7-408C-91F8-501C41261C8D}.Debug|x86.Build.0 = Debug|Any CPU
		{96BB2766-F6C7-408C-91F8-501C41261C8D}.Release|Any CPU.ActiveCfg = Release|Any CPU
		{96BB2766-F6C7-408C-91F8-501C41261C8D}.Release|Any CPU.Build.0 = Release|Any CPU
		{96BB2766-F6C7-408C-91F8-501C41261C8D}.Release|x64.ActiveCfg = Release|Any CPU
		{96BB2766-F6C7-408C-91F8-501C41261C8D}.Release|x64.Build.0 = Release|Any CPU
		{96BB2766-F6C7-408C-91F8-501C41261C8D}.Release|x86.ActiveCfg = Release|Any CPU
		{96BB2766-F6C7-408C-91F8-501C41261C8D}.Release|x86.Build.0 = Release|Any CPU
		{FBBFD008-9847-4EAA-AF58-F05692139F7B}.Debug|Any CPU.ActiveCfg = Debug|Any CPU
		{FBBFD008-9847-4EAA-AF58-F05692139F7B}.Debug|Any CPU.Build.0 = Debug|Any CPU
		{FBBFD008-9847-4EAA-AF58-F05692139F7B}.Debug|x64.ActiveCfg = Debug|Any CPU
		{FBBFD008-9847-4EAA-AF58-F05692139F7B}.Debug|x64.Build.0 = Debug|Any CPU
		{FBBFD008-9847-4EAA-AF58-F05692139F7B}.Debug|x86.ActiveCfg = Debug|Any CPU
		{FBBFD008-9847-4EAA-AF58-F05692139F7B}.Debug|x86.Build.0 = Debug|Any CPU
		{FBBFD008-9847-4EAA-AF58-F05692139F7B}.Release|Any CPU.ActiveCfg = Release|Any CPU
		{FBBFD008-9847-4EAA-AF58-F05692139F7B}.Release|Any CPU.Build.0 = Release|Any CPU
		{FBBFD008-9847-4EAA-AF58-F05692139F7B}.Release|x64.ActiveCfg = Release|Any CPU
		{FBBFD008-9847-4EAA-AF58-F05692139F7B}.Release|x64.Build.0 = Release|Any CPU
		{FBBFD008-9847-4EAA-AF58-F05692139F7B}.Release|x86.ActiveCfg = Release|Any CPU
		{FBBFD008-9847-4EAA-AF58-F05692139F7B}.Release|x86.Build.0 = Release|Any CPU
		{F1098432-E032-4DFB-BCE6-4EE37B045113}.Debug|Any CPU.ActiveCfg = Debug|Any CPU
		{F1098432-E032-4DFB-BCE6-4EE37B045113}.Debug|Any CPU.Build.0 = Debug|Any CPU
		{F1098432-E032-4DFB-BCE6-4EE37B045113}.Debug|x64.ActiveCfg = Debug|Any CPU
		{F1098432-E032-4DFB-BCE6-4EE37B045113}.Debug|x64.Build.0 = Debug|Any CPU
		{F1098432-E032-4DFB-BCE6-4EE37B045113}.Debug|x86.ActiveCfg = Debug|Any CPU
		{F1098432-E032-4DFB-BCE6-4EE37B045113}.Debug|x86.Build.0 = Debug|Any CPU
		{F1098432-E032-4DFB-BCE6-4EE37B045113}.Release|Any CPU.ActiveCfg = Release|Any CPU
		{F1098432-E032-4DFB-BCE6-4EE37B045113}.Release|Any CPU.Build.0 = Release|Any CPU
		{F1098432-E032-4DFB-BCE6-4EE37B045113}.Release|x64.ActiveCfg = Release|Any CPU
		{F1098432-E032-4DFB-BCE6-4EE37B045113}.Release|x64.Build.0 = Release|Any CPU
		{F1098432-E032-4DFB-BCE6-4EE37B045113}.Release|x86.ActiveCfg = Release|Any CPU
		{F1098432-E032-4DFB-BCE6-4EE37B045113}.Release|x86.Build.0 = Release|Any CPU
		{E48429ED-4CDE-4D99-AFEB-7C4D51FFC977}.Debug|Any CPU.ActiveCfg = Debug|Any CPU
		{E48429ED-4CDE-4D99-AFEB-7C4D51FFC977}.Debug|Any CPU.Build.0 = Debug|Any CPU
		{E48429ED-4CDE-4D99-AFEB-7C4D51FFC977}.Debug|x64.ActiveCfg = Debug|Any CPU
		{E48429ED-4CDE-4D99-AFEB-7C4D51FFC977}.Debug|x64.Build.0 = Debug|Any CPU
		{E48429ED-4CDE-4D99-AFEB-7C4D51FFC977}.Debug|x86.ActiveCfg = Debug|Any CPU
		{E48429ED-4CDE-4D99-AFEB-7C4D51FFC977}.Debug|x86.Build.0 = Debug|Any CPU
		{E48429ED-4CDE-4D99-AFEB-7C4D51FFC977}.Release|Any CPU.ActiveCfg = Release|Any CPU
		{E48429ED-4CDE-4D99-AFEB-7C4D51FFC977}.Release|Any CPU.Build.0 = Release|Any CPU
		{E48429ED-4CDE-4D99-AFEB-7C4D51FFC977}.Release|x64.ActiveCfg = Release|Any CPU
		{E48429ED-4CDE-4D99-AFEB-7C4D51FFC977}.Release|x64.Build.0 = Release|Any CPU
		{E48429ED-4CDE-4D99-AFEB-7C4D51FFC977}.Release|x86.ActiveCfg = Release|Any CPU
		{E48429ED-4CDE-4D99-AFEB-7C4D51FFC977}.Release|x86.Build.0 = Release|Any CPU
		{4AB4EAB6-D56B-4F1E-A993-2D8F72740E36}.Debug|Any CPU.ActiveCfg = Debug|Any CPU
		{4AB4EAB6-D56B-4F1E-A993-2D8F72740E36}.Debug|Any CPU.Build.0 = Debug|Any CPU
		{4AB4EAB6-D56B-4F1E-A993-2D8F72740E36}.Debug|x64.ActiveCfg = Debug|Any CPU
		{4AB4EAB6-D56B-4F1E-A993-2D8F72740E36}.Debug|x64.Build.0 = Debug|Any CPU
		{4AB4EAB6-D56B-4F1E-A993-2D8F72740E36}.Debug|x86.ActiveCfg = Debug|Any CPU
		{4AB4EAB6-D56B-4F1E-A993-2D8F72740E36}.Debug|x86.Build.0 = Debug|Any CPU
		{4AB4EAB6-D56B-4F1E-A993-2D8F72740E36}.Release|Any CPU.ActiveCfg = Release|Any CPU
		{4AB4EAB6-D56B-4F1E-A993-2D8F72740E36}.Release|Any CPU.Build.0 = Release|Any CPU
		{4AB4EAB6-D56B-4F1E-A993-2D8F72740E36}.Release|x64.ActiveCfg = Release|Any CPU
		{4AB4EAB6-D56B-4F1E-A993-2D8F72740E36}.Release|x64.Build.0 = Release|Any CPU
		{4AB4EAB6-D56B-4F1E-A993-2D8F72740E36}.Release|x86.ActiveCfg = Release|Any CPU
		{4AB4EAB6-D56B-4F1E-A993-2D8F72740E36}.Release|x86.Build.0 = Release|Any CPU
		{9361AF47-0C8E-4AE5-895C-C748A85D75C4}.Debug|Any CPU.ActiveCfg = Debug|Any CPU
		{9361AF47-0C8E-4AE5-895C-C748A85D75C4}.Debug|Any CPU.Build.0 = Debug|Any CPU
		{9361AF47-0C8E-4AE5-895C-C748A85D75C4}.Debug|x64.ActiveCfg = Debug|Any CPU
		{9361AF47-0C8E-4AE5-895C-C748A85D75C4}.Debug|x64.Build.0 = Debug|Any CPU
		{9361AF47-0C8E-4AE5-895C-C748A85D75C4}.Debug|x86.ActiveCfg = Debug|Any CPU
		{9361AF47-0C8E-4AE5-895C-C748A85D75C4}.Debug|x86.Build.0 = Debug|Any CPU
		{9361AF47-0C8E-4AE5-895C-C748A85D75C4}.Release|Any CPU.ActiveCfg = Release|Any CPU
		{9361AF47-0C8E-4AE5-895C-C748A85D75C4}.Release|Any CPU.Build.0 = Release|Any CPU
		{9361AF47-0C8E-4AE5-895C-C748A85D75C4}.Release|x64.ActiveCfg = Release|Any CPU
		{9361AF47-0C8E-4AE5-895C-C748A85D75C4}.Release|x64.Build.0 = Release|Any CPU
		{9361AF47-0C8E-4AE5-895C-C748A85D75C4}.Release|x86.ActiveCfg = Release|Any CPU
		{9361AF47-0C8E-4AE5-895C-C748A85D75C4}.Release|x86.Build.0 = Release|Any CPU
		{54E25718-A217-4E16-ACCE-24462218CBCD}.Debug|Any CPU.ActiveCfg = Debug|Any CPU
		{54E25718-A217-4E16-ACCE-24462218CBCD}.Debug|Any CPU.Build.0 = Debug|Any CPU
		{54E25718-A217-4E16-ACCE-24462218CBCD}.Debug|x64.ActiveCfg = Debug|Any CPU
		{54E25718-A217-4E16-ACCE-24462218CBCD}.Debug|x64.Build.0 = Debug|Any CPU
		{54E25718-A217-4E16-ACCE-24462218CBCD}.Debug|x86.ActiveCfg = Debug|Any CPU
		{54E25718-A217-4E16-ACCE-24462218CBCD}.Debug|x86.Build.0 = Debug|Any CPU
		{54E25718-A217-4E16-ACCE-24462218CBCD}.Release|Any CPU.ActiveCfg = Release|Any CPU
		{54E25718-A217-4E16-ACCE-24462218CBCD}.Release|Any CPU.Build.0 = Release|Any CPU
		{54E25718-A217-4E16-ACCE-24462218CBCD}.Release|x64.ActiveCfg = Release|Any CPU
		{54E25718-A217-4E16-ACCE-24462218CBCD}.Release|x64.Build.0 = Release|Any CPU
		{54E25718-A217-4E16-ACCE-24462218CBCD}.Release|x86.ActiveCfg = Release|Any CPU
		{54E25718-A217-4E16-ACCE-24462218CBCD}.Release|x86.Build.0 = Release|Any CPU
		{6C59FE52-FCDC-4936-A77B-303B4F9784C3}.Debug|Any CPU.ActiveCfg = Debug|Any CPU
		{6C59FE52-FCDC-4936-A77B-303B4F9784C3}.Debug|Any CPU.Build.0 = Debug|Any CPU
		{6C59FE52-FCDC-4936-A77B-303B4F9784C3}.Debug|x64.ActiveCfg = Debug|Any CPU
		{6C59FE52-FCDC-4936-A77B-303B4F9784C3}.Debug|x64.Build.0 = Debug|Any CPU
		{6C59FE52-FCDC-4936-A77B-303B4F9784C3}.Debug|x86.ActiveCfg = Debug|Any CPU
		{6C59FE52-FCDC-4936-A77B-303B4F9784C3}.Debug|x86.Build.0 = Debug|Any CPU
		{6C59FE52-FCDC-4936-A77B-303B4F9784C3}.Release|Any CPU.ActiveCfg = Release|Any CPU
		{6C59FE52-FCDC-4936-A77B-303B4F9784C3}.Release|Any CPU.Build.0 = Release|Any CPU
		{6C59FE52-FCDC-4936-A77B-303B4F9784C3}.Release|x64.ActiveCfg = Release|Any CPU
		{6C59FE52-FCDC-4936-A77B-303B4F9784C3}.Release|x64.Build.0 = Release|Any CPU
		{6C59FE52-FCDC-4936-A77B-303B4F9784C3}.Release|x86.ActiveCfg = Release|Any CPU
		{6C59FE52-FCDC-4936-A77B-303B4F9784C3}.Release|x86.Build.0 = Release|Any CPU
		{8315892A-B435-47E6-BF41-CC7EA17C80A5}.Debug|Any CPU.ActiveCfg = Debug|Any CPU
		{8315892A-B435-47E6-BF41-CC7EA17C80A5}.Debug|Any CPU.Build.0 = Debug|Any CPU
		{8315892A-B435-47E6-BF41-CC7EA17C80A5}.Debug|x64.ActiveCfg = Debug|Any CPU
		{8315892A-B435-47E6-BF41-CC7EA17C80A5}.Debug|x64.Build.0 = Debug|Any CPU
		{8315892A-B435-47E6-BF41-CC7EA17C80A5}.Debug|x86.ActiveCfg = Debug|Any CPU
		{8315892A-B435-47E6-BF41-CC7EA17C80A5}.Debug|x86.Build.0 = Debug|Any CPU
		{8315892A-B435-47E6-BF41-CC7EA17C80A5}.Release|Any CPU.ActiveCfg = Release|Any CPU
		{8315892A-B435-47E6-BF41-CC7EA17C80A5}.Release|Any CPU.Build.0 = Release|Any CPU
		{8315892A-B435-47E6-BF41-CC7EA17C80A5}.Release|x64.ActiveCfg = Release|Any CPU
		{8315892A-B435-47E6-BF41-CC7EA17C80A5}.Release|x64.Build.0 = Release|Any CPU
		{8315892A-B435-47E6-BF41-CC7EA17C80A5}.Release|x86.ActiveCfg = Release|Any CPU
		{8315892A-B435-47E6-BF41-CC7EA17C80A5}.Release|x86.Build.0 = Release|Any CPU
		{ACD6A26B-C9B7-4925-B0D7-2A9861B97B94}.Debug|Any CPU.ActiveCfg = Debug|Any CPU
		{ACD6A26B-C9B7-4925-B0D7-2A9861B97B94}.Debug|Any CPU.Build.0 = Debug|Any CPU
		{ACD6A26B-C9B7-4925-B0D7-2A9861B97B94}.Debug|x64.ActiveCfg = Debug|Any CPU
		{ACD6A26B-C9B7-4925-B0D7-2A9861B97B94}.Debug|x64.Build.0 = Debug|Any CPU
		{ACD6A26B-C9B7-4925-B0D7-2A9861B97B94}.Debug|x86.ActiveCfg = Debug|Any CPU
		{ACD6A26B-C9B7-4925-B0D7-2A9861B97B94}.Debug|x86.Build.0 = Debug|Any CPU
		{ACD6A26B-C9B7-4925-B0D7-2A9861B97B94}.Release|Any CPU.ActiveCfg = Release|Any CPU
		{ACD6A26B-C9B7-4925-B0D7-2A9861B97B94}.Release|Any CPU.Build.0 = Release|Any CPU
		{ACD6A26B-C9B7-4925-B0D7-2A9861B97B94}.Release|x64.ActiveCfg = Release|Any CPU
		{ACD6A26B-C9B7-4925-B0D7-2A9861B97B94}.Release|x64.Build.0 = Release|Any CPU
		{ACD6A26B-C9B7-4925-B0D7-2A9861B97B94}.Release|x86.ActiveCfg = Release|Any CPU
		{ACD6A26B-C9B7-4925-B0D7-2A9861B97B94}.Release|x86.Build.0 = Release|Any CPU
		{7FAAAD6B-0FB0-4875-A972-3DE91BA78CFC}.Debug|Any CPU.ActiveCfg = Debug|Any CPU
		{7FAAAD6B-0FB0-4875-A972-3DE91BA78CFC}.Debug|Any CPU.Build.0 = Debug|Any CPU
		{7FAAAD6B-0FB0-4875-A972-3DE91BA78CFC}.Debug|x64.ActiveCfg = Debug|Any CPU
		{7FAAAD6B-0FB0-4875-A972-3DE91BA78CFC}.Debug|x64.Build.0 = Debug|Any CPU
		{7FAAAD6B-0FB0-4875-A972-3DE91BA78CFC}.Debug|x86.ActiveCfg = Debug|Any CPU
		{7FAAAD6B-0FB0-4875-A972-3DE91BA78CFC}.Debug|x86.Build.0 = Debug|Any CPU
		{7FAAAD6B-0FB0-4875-A972-3DE91BA78CFC}.Release|Any CPU.ActiveCfg = Release|Any CPU
		{7FAAAD6B-0FB0-4875-A972-3DE91BA78CFC}.Release|Any CPU.Build.0 = Release|Any CPU
		{7FAAAD6B-0FB0-4875-A972-3DE91BA78CFC}.Release|x64.ActiveCfg = Release|Any CPU
		{7FAAAD6B-0FB0-4875-A972-3DE91BA78CFC}.Release|x64.Build.0 = Release|Any CPU
		{7FAAAD6B-0FB0-4875-A972-3DE91BA78CFC}.Release|x86.ActiveCfg = Release|Any CPU
		{7FAAAD6B-0FB0-4875-A972-3DE91BA78CFC}.Release|x86.Build.0 = Release|Any CPU
		{647B08ED-E10E-4227-9C9F-DEC1DD38A7BD}.Debug|Any CPU.ActiveCfg = Debug|Any CPU
		{647B08ED-E10E-4227-9C9F-DEC1DD38A7BD}.Debug|Any CPU.Build.0 = Debug|Any CPU
		{647B08ED-E10E-4227-9C9F-DEC1DD38A7BD}.Debug|x64.ActiveCfg = Debug|Any CPU
		{647B08ED-E10E-4227-9C9F-DEC1DD38A7BD}.Debug|x64.Build.0 = Debug|Any CPU
		{647B08ED-E10E-4227-9C9F-DEC1DD38A7BD}.Debug|x86.ActiveCfg = Debug|Any CPU
		{647B08ED-E10E-4227-9C9F-DEC1DD38A7BD}.Debug|x86.Build.0 = Debug|Any CPU
		{647B08ED-E10E-4227-9C9F-DEC1DD38A7BD}.Release|Any CPU.ActiveCfg = Release|Any CPU
		{647B08ED-E10E-4227-9C9F-DEC1DD38A7BD}.Release|Any CPU.Build.0 = Release|Any CPU
		{647B08ED-E10E-4227-9C9F-DEC1DD38A7BD}.Release|x64.ActiveCfg = Release|Any CPU
		{647B08ED-E10E-4227-9C9F-DEC1DD38A7BD}.Release|x64.Build.0 = Release|Any CPU
		{647B08ED-E10E-4227-9C9F-DEC1DD38A7BD}.Release|x86.ActiveCfg = Release|Any CPU
		{647B08ED-E10E-4227-9C9F-DEC1DD38A7BD}.Release|x86.Build.0 = Release|Any CPU
		{05975994-69C7-4841-A80C-3AA904FD8426}.Debug|Any CPU.ActiveCfg = Debug|Any CPU
		{05975994-69C7-4841-A80C-3AA904FD8426}.Debug|Any CPU.Build.0 = Debug|Any CPU
		{05975994-69C7-4841-A80C-3AA904FD8426}.Debug|x64.ActiveCfg = Debug|Any CPU
		{05975994-69C7-4841-A80C-3AA904FD8426}.Debug|x64.Build.0 = Debug|Any CPU
		{05975994-69C7-4841-A80C-3AA904FD8426}.Debug|x86.ActiveCfg = Debug|Any CPU
		{05975994-69C7-4841-A80C-3AA904FD8426}.Debug|x86.Build.0 = Debug|Any CPU
		{05975994-69C7-4841-A80C-3AA904FD8426}.Release|Any CPU.ActiveCfg = Release|Any CPU
		{05975994-69C7-4841-A80C-3AA904FD8426}.Release|Any CPU.Build.0 = Release|Any CPU
		{05975994-69C7-4841-A80C-3AA904FD8426}.Release|x64.ActiveCfg = Release|Any CPU
		{05975994-69C7-4841-A80C-3AA904FD8426}.Release|x64.Build.0 = Release|Any CPU
		{05975994-69C7-4841-A80C-3AA904FD8426}.Release|x86.ActiveCfg = Release|Any CPU
		{05975994-69C7-4841-A80C-3AA904FD8426}.Release|x86.Build.0 = Release|Any CPU
		{05212F5F-4C59-4350-9EB6-992C675F0F01}.Debug|Any CPU.ActiveCfg = Debug|Any CPU
		{05212F5F-4C59-4350-9EB6-992C675F0F01}.Debug|Any CPU.Build.0 = Debug|Any CPU
		{05212F5F-4C59-4350-9EB6-992C675F0F01}.Debug|x64.ActiveCfg = Debug|Any CPU
		{05212F5F-4C59-4350-9EB6-992C675F0F01}.Debug|x64.Build.0 = Debug|Any CPU
		{05212F5F-4C59-4350-9EB6-992C675F0F01}.Debug|x86.ActiveCfg = Debug|Any CPU
		{05212F5F-4C59-4350-9EB6-992C675F0F01}.Debug|x86.Build.0 = Debug|Any CPU
		{05212F5F-4C59-4350-9EB6-992C675F0F01}.Release|Any CPU.ActiveCfg = Release|Any CPU
		{05212F5F-4C59-4350-9EB6-992C675F0F01}.Release|Any CPU.Build.0 = Release|Any CPU
		{05212F5F-4C59-4350-9EB6-992C675F0F01}.Release|x64.ActiveCfg = Release|Any CPU
		{05212F5F-4C59-4350-9EB6-992C675F0F01}.Release|x64.Build.0 = Release|Any CPU
		{05212F5F-4C59-4350-9EB6-992C675F0F01}.Release|x86.ActiveCfg = Release|Any CPU
		{05212F5F-4C59-4350-9EB6-992C675F0F01}.Release|x86.Build.0 = Release|Any CPU
		{DC9F13C2-33EC-4715-8EFE-9D2AB4242CBA}.Debug|Any CPU.ActiveCfg = Debug|Any CPU
		{DC9F13C2-33EC-4715-8EFE-9D2AB4242CBA}.Debug|Any CPU.Build.0 = Debug|Any CPU
		{DC9F13C2-33EC-4715-8EFE-9D2AB4242CBA}.Debug|x64.ActiveCfg = Debug|Any CPU
		{DC9F13C2-33EC-4715-8EFE-9D2AB4242CBA}.Debug|x64.Build.0 = Debug|Any CPU
		{DC9F13C2-33EC-4715-8EFE-9D2AB4242CBA}.Debug|x86.ActiveCfg = Debug|Any CPU
		{DC9F13C2-33EC-4715-8EFE-9D2AB4242CBA}.Debug|x86.Build.0 = Debug|Any CPU
		{DC9F13C2-33EC-4715-8EFE-9D2AB4242CBA}.Release|Any CPU.ActiveCfg = Release|Any CPU
		{DC9F13C2-33EC-4715-8EFE-9D2AB4242CBA}.Release|Any CPU.Build.0 = Release|Any CPU
		{DC9F13C2-33EC-4715-8EFE-9D2AB4242CBA}.Release|x64.ActiveCfg = Release|Any CPU
		{DC9F13C2-33EC-4715-8EFE-9D2AB4242CBA}.Release|x64.Build.0 = Release|Any CPU
		{DC9F13C2-33EC-4715-8EFE-9D2AB4242CBA}.Release|x86.ActiveCfg = Release|Any CPU
		{DC9F13C2-33EC-4715-8EFE-9D2AB4242CBA}.Release|x86.Build.0 = Release|Any CPU
		{AE52754A-1FE4-4DAB-9D83-CA7EAA34A7C6}.Debug|Any CPU.ActiveCfg = Debug|Any CPU
		{AE52754A-1FE4-4DAB-9D83-CA7EAA34A7C6}.Debug|Any CPU.Build.0 = Debug|Any CPU
		{AE52754A-1FE4-4DAB-9D83-CA7EAA34A7C6}.Debug|x64.ActiveCfg = Debug|Any CPU
		{AE52754A-1FE4-4DAB-9D83-CA7EAA34A7C6}.Debug|x64.Build.0 = Debug|Any CPU
		{AE52754A-1FE4-4DAB-9D83-CA7EAA34A7C6}.Debug|x86.ActiveCfg = Debug|Any CPU
		{AE52754A-1FE4-4DAB-9D83-CA7EAA34A7C6}.Debug|x86.Build.0 = Debug|Any CPU
		{AE52754A-1FE4-4DAB-9D83-CA7EAA34A7C6}.Release|Any CPU.ActiveCfg = Release|Any CPU
		{AE52754A-1FE4-4DAB-9D83-CA7EAA34A7C6}.Release|Any CPU.Build.0 = Release|Any CPU
		{AE52754A-1FE4-4DAB-9D83-CA7EAA34A7C6}.Release|x64.ActiveCfg = Release|Any CPU
		{AE52754A-1FE4-4DAB-9D83-CA7EAA34A7C6}.Release|x64.Build.0 = Release|Any CPU
		{AE52754A-1FE4-4DAB-9D83-CA7EAA34A7C6}.Release|x86.ActiveCfg = Release|Any CPU
		{AE52754A-1FE4-4DAB-9D83-CA7EAA34A7C6}.Release|x86.Build.0 = Release|Any CPU
	EndGlobalSection
	GlobalSection(SolutionProperties) = preSolution
		HideSolutionNode = FALSE
	EndGlobalSection
	GlobalSection(NestedProjects) = preSolution
		{CB242FB7-959E-4953-8755-FF2DAA86798E} = {D51830D0-7538-987A-ECFA-BA858DA8EF99}
		{A6667843-94DD-47F6-B203-6BD65CDE155B} = {D51830D0-7538-987A-ECFA-BA858DA8EF99}
		{EC273695-4CCF-4319-87A3-0A40ABEF7CBC} = {A493B712-D036-515A-2346-D66A3A2D9736}
		{361A943D-93B1-4C58-B0E6-86883B956682} = {A493B712-D036-515A-2346-D66A3A2D9736}
		{293C06CD-4E17-48BD-9F3B-B5ADDFFA9425} = {CA253913-39DE-BFD0-C9A3-4B7EC6FBDF17}
		{3FD14D3D-3C7A-42A2-8030-77981F9A0104} = {293C06CD-4E17-48BD-9F3B-B5ADDFFA9425}
		{7103EE84-6534-4733-B443-43AB8934844E} = {293C06CD-4E17-48BD-9F3B-B5ADDFFA9425}
		{D2B19B04-B6DB-49CC-B2AE-C048C3AFBC87} = {293C06CD-4E17-48BD-9F3B-B5ADDFFA9425}
		{653B2E99-EAFD-4C27-891E-2D0C1D6A78EF} = {293C06CD-4E17-48BD-9F3B-B5ADDFFA9425}
		{B20BFB1D-5E93-2E1D-8DEF-EF62838A61B1} = {CA253913-39DE-BFD0-C9A3-4B7EC6FBDF17}
		{2B5507AE-96CA-460E-8071-0437B15EE582} = {B20BFB1D-5E93-2E1D-8DEF-EF62838A61B1}
		{BDFEEE99-1280-4595-9CF8-81074AA00D44} = {B20BFB1D-5E93-2E1D-8DEF-EF62838A61B1}
		{2D6AAA42-673D-31D7-DE2C-B771C80333F3} = {CA253913-39DE-BFD0-C9A3-4B7EC6FBDF17}
		{79173F20-22CB-4DE1-AC0F-10D36C804418} = {2D6AAA42-673D-31D7-DE2C-B771C80333F3}
		{97831912-8069-464D-AD14-B5C49096415C} = {2D6AAA42-673D-31D7-DE2C-B771C80333F3}
		{55DDCE74-CFB6-4D22-BC1C-8CD99574116C} = {2D6AAA42-673D-31D7-DE2C-B771C80333F3}
		{2764D065-5412-42AA-8EEB-306CFCA4BB95} = {2D6AAA42-673D-31D7-DE2C-B771C80333F3}
		{F44D07B2-8045-63BE-D36F-626762B48BB9} = {CA253913-39DE-BFD0-C9A3-4B7EC6FBDF17}
		{BC105267-B6B7-424B-A8EB-E91C95380A95} = {F44D07B2-8045-63BE-D36F-626762B48BB9}
		{382D9858-145C-4EDB-BF0E-3E1AB71FF77A} = {F44D07B2-8045-63BE-D36F-626762B48BB9}
		{A310FBE3-D6A7-44F8-AF30-B8C8EC759141} = {F44D07B2-8045-63BE-D36F-626762B48BB9}
		{0D631C63-8F16-4EC6-9403-1C1904DB4714} = {F44D07B2-8045-63BE-D36F-626762B48BB9}
		{FC875188-97FF-BAF4-E2B3-5F9824AC5C9A} = {CA253913-39DE-BFD0-C9A3-4B7EC6FBDF17}
		{79A560FA-D138-48A2-A436-B546C916EBD8} = {FC875188-97FF-BAF4-E2B3-5F9824AC5C9A}
		{9758F188-D01C-401A-9B41-FEA27E6204A2} = {FC875188-97FF-BAF4-E2B3-5F9824AC5C9A}
		{EFD315DD-6CD1-448B-B9B8-9A640A5F3365} = {FC875188-97FF-BAF4-E2B3-5F9824AC5C9A}
		{A40B1FEE-DC23-4C35-95ED-856389D68838} = {FC875188-97FF-BAF4-E2B3-5F9824AC5C9A}
		{D882A6C3-3067-F0DA-7E7A-E12186DF3033} = {CA253913-39DE-BFD0-C9A3-4B7EC6FBDF17}
		{96BB2766-F6C7-408C-91F8-501C41261C8D} = {D882A6C3-3067-F0DA-7E7A-E12186DF3033}
		{FBBFD008-9847-4EAA-AF58-F05692139F7B} = {D882A6C3-3067-F0DA-7E7A-E12186DF3033}
		{F1098432-E032-4DFB-BCE6-4EE37B045113} = {D882A6C3-3067-F0DA-7E7A-E12186DF3033}
		{E48429ED-4CDE-4D99-AFEB-7C4D51FFC977} = {D882A6C3-3067-F0DA-7E7A-E12186DF3033}
		{D418B6DC-25CB-ED90-7844-7905E0554BB9} = {CA253913-39DE-BFD0-C9A3-4B7EC6FBDF17}
		{4AB4EAB6-D56B-4F1E-A993-2D8F72740E36} = {D418B6DC-25CB-ED90-7844-7905E0554BB9}
		{9361AF47-0C8E-4AE5-895C-C748A85D75C4} = {D418B6DC-25CB-ED90-7844-7905E0554BB9}
		{54E25718-A217-4E16-ACCE-24462218CBCD} = {D418B6DC-25CB-ED90-7844-7905E0554BB9}
		{6C59FE52-FCDC-4936-A77B-303B4F9784C3} = {D418B6DC-25CB-ED90-7844-7905E0554BB9}
		{E4F07A3A-0D15-4D3A-4C13-E2BD6EBFF108} = {CA253913-39DE-BFD0-C9A3-4B7EC6FBDF17}
		{8315892A-B435-47E6-BF41-CC7EA17C80A5} = {E4F07A3A-0D15-4D3A-4C13-E2BD6EBFF108}
		{ACD6A26B-C9B7-4925-B0D7-2A9861B97B94} = {E4F07A3A-0D15-4D3A-4C13-E2BD6EBFF108}
		{7FAAAD6B-0FB0-4875-A972-3DE91BA78CFC} = {E4F07A3A-0D15-4D3A-4C13-E2BD6EBFF108}
		{647B08ED-E10E-4227-9C9F-DEC1DD38A7BD} = {E4F07A3A-0D15-4D3A-4C13-E2BD6EBFF108}
		{DADE83F8-D2A6-F25A-DE45-D511B199EE25} = {CA253913-39DE-BFD0-C9A3-4B7EC6FBDF17}
		{05975994-69C7-4841-A80C-3AA904FD8426} = {DADE83F8-D2A6-F25A-DE45-D511B199EE25}
		{05212F5F-4C59-4350-9EB6-992C675F0F01} = {DADE83F8-D2A6-F25A-DE45-D511B199EE25}
		{DC9F13C2-33EC-4715-8EFE-9D2AB4242CBA} = {DADE83F8-D2A6-F25A-DE45-D511B199EE25}
		{AE52754A-1FE4-4DAB-9D83-CA7EAA34A7C6} = {DADE83F8-D2A6-F25A-DE45-D511B199EE25}
	EndGlobalSection
EndGlobal
